Microsoft Visual Studio Solution File, Format Version 12.00
# Visual Studio Version 16
VisualStudioVersion = 16.0.30804.86
MinimumVisualStudioVersion = 10.0.40219.1
Project("{8BC9CEB8-8B4A-11D0-8D11-00A0C91BC942}") = "gears-vk", "Gears-Vk\visual_studio\gears_vk\gears-vk.vcxproj", "{602F842F-50C1-466D-8696-1707937D8AB9}"
EndProject
Project("{8BC9CEB8-8B4A-11D0-8D11-00A0C91BC942}") = "lod_mesh_shader", "lod_mesh_shader.vcxproj", "{E70DAA14-0A98-4575-A4B7-CE39769FCED2}"
EndProject
Global
	GlobalSection(SolutionConfigurationPlatforms) = preSolution
		Debug_Vulkan|x64 = Debug_Vulkan|x64
		Debug_Vulkan|x86 = Debug_Vulkan|x86
		Debug|x64 = Debug|x64
		Debug|x86 = Debug|x86
		Publish_Vulkan|x64 = Publish_Vulkan|x64
		Publish_Vulkan|x86 = Publish_Vulkan|x86
		Release_Vulkan|x64 = Release_Vulkan|x64
		Release_Vulkan|x86 = Release_Vulkan|x86
		Release|x64 = Release|x64
		Release|x86 = Release|x86
	EndGlobalSection
	GlobalSection(ProjectConfigurationPlatforms) = postSolution
		{602F842F-50C1-466D-8696-1707937D8AB9}.Debug_Vulkan|x64.ActiveCfg = Debug_Vulkan|x64
		{602F842F-50C1-466D-8696-1707937D8AB9}.Debug_Vulkan|x64.Build.0 = Debug_Vulkan|x64
		{602F842F-50C1-466D-8696-1707937D8AB9}.Debug_Vulkan|x86.ActiveCfg = Debug_Vulkan|x64
		{602F842F-50C1-466D-8696-1707937D8AB9}.Debug|x64.ActiveCfg = Debug_Vulkan|x64
		{602F842F-50C1-466D-8696-1707937D8AB9}.Debug|x64.Build.0 = Debug_Vulkan|x64
		{602F842F-50C1-466D-8696-1707937D8AB9}.Debug|x86.ActiveCfg = Debug_Vulkan|x64
		{602F842F-50C1-466D-8696-1707937D8AB9}.Debug|x86.Build.0 = Debug_Vulkan|x64
		{602F842F-50C1-466D-8696-1707937D8AB9}.Publish_Vulkan|x64.ActiveCfg = Publish_Vulkan|x64
		{602F842F-50C1-466D-8696-1707937D8AB9}.Publish_Vulkan|x64.Build.0 = Publish_Vulkan|x64
		{602F842F-50C1-466D-8696-1707937D8AB9}.Publish_Vulkan|x86.ActiveCfg = Publish_Vulkan|x64
		{602F842F-50C1-466D-8696-1707937D8AB9}.Release_Vulkan|x64.ActiveCfg = Release_Vulkan|x64
		{602F842F-50C1-466D-8696-1707937D8AB9}.Release_Vulkan|x64.Build.0 = Release_Vulkan|x64
		{602F842F-50C1-466D-8696-1707937D8AB9}.Release_Vulkan|x86.ActiveCfg = Release_Vulkan|x64
		{602F842F-50C1-466D-8696-1707937D8AB9}.Release|x64.ActiveCfg = Release_Vulkan|x64
		{602F842F-50C1-466D-8696-1707937D8AB9}.Release|x64.Build.0 = Release_Vulkan|x64
		{602F842F-50C1-466D-8696-1707937D8AB9}.Release|x86.ActiveCfg = Debug_Vulkan|x64
		{602F842F-50C1-466D-8696-1707937D8AB9}.Release|x86.Build.0 = Debug_Vulkan|x64
		{E70DAA14-0A98-4575-A4B7-CE39769FCED2}.Debug_Vulkan|x64.ActiveCfg = Debug_Vulkan|x64
		{E70DAA14-0A98-4575-A4B7-CE39769FCED2}.Debug_Vulkan|x64.Build.0 = Debug_Vulkan|x64
		{E70DAA14-0A98-4575-A4B7-CE39769FCED2}.Debug_Vulkan|x86.ActiveCfg = Debug_Vulkan|x64
		{E70DAA14-0A98-4575-A4B7-CE39769FCED2}.Debug|x64.ActiveCfg = Debug_Vulkan|x64
		{E70DAA14-0A98-4575-A4B7-CE39769FCED2}.Debug|x64.Build.0 = Debug_Vulkan|x64
		{E70DAA14-0A98-4575-A4B7-CE39769FCED2}.Debug|x86.ActiveCfg = Debug_Vulkan|x64
		{E70DAA14-0A98-4575-A4B7-CE39769FCED2}.Debug|x86.Build.0 = Debug_Vulkan|x64
		{E70DAA14-0A98-4575-A4B7-CE39769FCED2}.Publish_Vulkan|x64.ActiveCfg = Publish_Vulkan|x64
		{E70DAA14-0A98-4575-A4B7-CE39769FCED2}.Publish_Vulkan|x64.Build.0 = Publish_Vulkan|x64
		{E70DAA14-0A98-4575-A4B7-CE39769FCED2}.Publish_Vulkan|x86.ActiveCfg = Publish_Vulkan|x64
		{E70DAA14-0A98-4575-A4B7-CE39769FCED2}.Release_Vulkan|x64.ActiveCfg = Release_Vulkan|x64
		{E70DAA14-0A98-4575-A4B7-CE39769FCED2}.Release_Vulkan|x64.Build.0 = Release_Vulkan|x64
		{E70DAA14-0A98-4575-A4B7-CE39769FCED2}.Release_Vulkan|x86.ActiveCfg = Release_Vulkan|x64
		{E70DAA14-0A98-4575-A4B7-CE39769FCED2}.Release|x64.ActiveCfg = Release_Vulkan|x64
		{E70DAA14-0A98-4575-A4B7-CE39769FCED2}.Release|x64.Build.0 = Release_Vulkan|x64
		{E70DAA14-0A98-4575-A4B7-CE39769FCED2}.Release|x86.ActiveCfg = Debug_Vulkan|x64
		{E70DAA14-0A98-4575-A4B7-CE39769FCED2}.Release|x86.Build.0 = Debug_Vulkan|x64
	EndGlobalSection
	GlobalSection(SolutionProperties) = preSolution
		HideSolutionNode = FALSE
	EndGlobalSection
	GlobalSection(ExtensibilityGlobals) = postSolution
		SolutionGuid = {122FE176-7876-46D5-BE7F-D7718DB961A1}
	EndGlobalSection
EndGlobal
